// !$*UTF8*$!
{
	archiveVersion = 1;
	classes = {
	};
	objectVersion = 56;
	objects = {

/* Begin PBXBuildFile section */
		604C653D2BF39D0B000CD88F /* Crypto_SwiftUIApp.swift in Sources */ = {isa = PBXBuildFile; fileRef = 604C653C2BF39D0B000CD88F /* Crypto_SwiftUIApp.swift */; };
		604C65412BF39D0C000CD88F /* Assets.xcassets in Resources */ = {isa = PBXBuildFile; fileRef = 604C65402BF39D0C000CD88F /* Assets.xcassets */; };
		604C65442BF39D0C000CD88F /* Preview Assets.xcassets in Resources */ = {isa = PBXBuildFile; fileRef = 604C65432BF39D0C000CD88F /* Preview Assets.xcassets */; };
		604C65542BF39F5B000CD88F /* HomeView.swift in Sources */ = {isa = PBXBuildFile; fileRef = 604C65532BF39F5B000CD88F /* HomeView.swift */; };
		604C65562BF3A08E000CD88F /* TopMoversView.swift in Sources */ = {isa = PBXBuildFile; fileRef = 604C65552BF3A08E000CD88F /* TopMoversView.swift */; };
		604C65582BF3A0AB000CD88F /* TopMoversItemView.swift in Sources */ = {isa = PBXBuildFile; fileRef = 604C65572BF3A0AB000CD88F /* TopMoversItemView.swift */; };
		604C655C2BF3A880000CD88F /* AllCoinsView.swift in Sources */ = {isa = PBXBuildFile; fileRef = 604C655B2BF3A880000CD88F /* AllCoinsView.swift */; };
		604C655E2BF3A89B000CD88F /* CoinRowView.swift in Sources */ = {isa = PBXBuildFile; fileRef = 604C655D2BF3A89B000CD88F /* CoinRowView.swift */; };
		604C65602BF3B1B3000CD88F /* HomeViewModel.swift in Sources */ = {isa = PBXBuildFile; fileRef = 604C655F2BF3B1B3000CD88F /* HomeViewModel.swift */; };
		604C65622BF3B6C1000CD88F /* CoinModel.swift in Sources */ = {isa = PBXBuildFile; fileRef = 604C65612BF3B6C1000CD88F /* CoinModel.swift */; };
		604C65652BF3FA8C000CD88F /* Kingfisher in Frameworks */ = {isa = PBXBuildFile; productRef = 604C65642BF3FA8C000CD88F /* Kingfisher */; };
		604C65672BF3FB72000CD88F /* Double.swift in Sources */ = {isa = PBXBuildFile; fileRef = 604C65662BF3FB72000CD88F /* Double.swift */; };
/* End PBXBuildFile section */

/* Begin PBXFileReference section */
		604C65392BF39D0B000CD88F /* Crypto-SwiftUI.app */ = {isa = PBXFileReference; explicitFileType = wrapper.application; includeInIndex = 0; path = "Crypto-SwiftUI.app"; sourceTree = BUILT_PRODUCTS_DIR; };
		604C653C2BF39D0B000CD88F /* Crypto_SwiftUIApp.swift */ = {isa = PBXFileReference; lastKnownFileType = sourcecode.swift; path = Crypto_SwiftUIApp.swift; sourceTree = "<group>"; };
		604C65402BF39D0C000CD88F /* Assets.xcassets */ = {isa = PBXFileReference; lastKnownFileType = folder.assetcatalog; path = Assets.xcassets; sourceTree = "<group>"; };
		604C65432BF39D0C000CD88F /* Preview Assets.xcassets */ = {isa = PBXFileReference; lastKnownFileType = folder.assetcatalog; path = "Preview Assets.xcassets"; sourceTree = "<group>"; };
		604C65532BF39F5B000CD88F /* HomeView.swift */ = {isa = PBXFileReference; lastKnownFileType = sourcecode.swift; path = HomeView.swift; sourceTree = "<group>"; };
		604C65552BF3A08E000CD88F /* TopMoversView.swift */ = {isa = PBXFileReference; lastKnownFileType = sourcecode.swift; path = TopMoversView.swift; sourceTree = "<group>"; };
		604C65572BF3A0AB000CD88F /* TopMoversItemView.swift */ = {isa = PBXFileReference; lastKnownFileType = sourcecode.swift; path = TopMoversItemView.swift; sourceTree = "<group>"; };
		604C655B2BF3A880000CD88F /* AllCoinsView.swift */ = {isa = PBXFileReference; lastKnownFileType = sourcecode.swift; path = AllCoinsView.swift; sourceTree = "<group>"; };
		604C655D2BF3A89B000CD88F /* CoinRowView.swift */ = {isa = PBXFileReference; lastKnownFileType = sourcecode.swift; path = CoinRowView.swift; sourceTree = "<group>"; };
		604C655F2BF3B1B3000CD88F /* HomeViewModel.swift */ = {isa = PBXFileReference; lastKnownFileType = sourcecode.swift; path = HomeViewModel.swift; sourceTree = "<group>"; };
		604C65612BF3B6C1000CD88F /* CoinModel.swift */ = {isa = PBXFileReference; lastKnownFileType = sourcecode.swift; path = CoinModel.swift; sourceTree = "<group>"; };
		604C65662BF3FB72000CD88F /* Double.swift */ = {isa = PBXFileReference; lastKnownFileType = sourcecode.swift; path = Double.swift; sourceTree = "<group>"; };
/* End PBXFileReference section */

/* Begin PBXFrameworksBuildPhase section */
		604C65362BF39D0B000CD88F /* Frameworks */ = {
			isa = PBXFrameworksBuildPhase;
			buildActionMask = 2147483647;
			files = (
				604C65652BF3FA8C000CD88F /* Kingfisher in Frameworks */,
			);
			runOnlyForDeploymentPostprocessing = 0;
		};
/* End PBXFrameworksBuildPhase section */

/* Begin PBXGroup section */
		604C65302BF39D0B000CD88F = {
			isa = PBXGroup;
			children = (
				604C653B2BF39D0B000CD88F /* Crypto-SwiftUI */,
				604C653A2BF39D0B000CD88F /* Products */,
			);
			sourceTree = "<group>";
		};
		604C653A2BF39D0B000CD88F /* Products */ = {
			isa = PBXGroup;
			children = (
				604C65392BF39D0B000CD88F /* Crypto-SwiftUI.app */,
			);
			name = Products;
			sourceTree = "<group>";
		};
		604C653B2BF39D0B000CD88F /* Crypto-SwiftUI */ = {
			isa = PBXGroup;
			children = (
				604C654A2BF39E93000CD88F /* Utils */,
				604C654D2BF39EB1000CD88F /* Extensions */,
				604C654C2BF39E9F000CD88F /* Models */,
				604C654E2BF39EBB000CD88F /* Core */,
				604C65502BF39ED2000CD88F /* App */,
				604C65402BF39D0C000CD88F /* Assets.xcassets */,
				604C65422BF39D0C000CD88F /* Preview Content */,
			);
			path = "Crypto-SwiftUI";
			sourceTree = "<group>";
		};
		604C65422BF39D0C000CD88F /* Preview Content */ = {
			isa = PBXGroup;
			children = (
				604C65432BF39D0C000CD88F /* Preview Assets.xcassets */,
			);
			path = "Preview Content";
			sourceTree = "<group>";
		};
		604C654A2BF39E93000CD88F /* Utils */ = {
			isa = PBXGroup;
			children = (
			);
			path = Utils;
			sourceTree = "<group>";
		};
		604C654C2BF39E9F000CD88F /* Models */ = {
			isa = PBXGroup;
			children = (
				604C65612BF3B6C1000CD88F /* CoinModel.swift */,
			);
			path = Models;
			sourceTree = "<group>";
		};
		604C654D2BF39EB1000CD88F /* Extensions */ = {
			isa = PBXGroup;
			children = (
				604C65662BF3FB72000CD88F /* Double.swift */,
			);
			path = Extensions;
			sourceTree = "<group>";
		};
		604C654E2BF39EBB000CD88F /* Core */ = {
			isa = PBXGroup;
			children = (
				604C654F2BF39EC6000CD88F /* Home */,
			);
			path = Core;
			sourceTree = "<group>";
		};
		604C654F2BF39EC6000CD88F /* Home */ = {
			isa = PBXGroup;
			children = (
				604C65522BF39F19000CD88F /* Views */,
				604C65512BF39F16000CD88F /* ViewModels */,
			);
			path = Home;
			sourceTree = "<group>";
		};
		604C65502BF39ED2000CD88F /* App */ = {
			isa = PBXGroup;
			children = (
				604C653C2BF39D0B000CD88F /* Crypto_SwiftUIApp.swift */,
			);
			path = App;
			sourceTree = "<group>";
		};
		604C65512BF39F16000CD88F /* ViewModels */ = {
			isa = PBXGroup;
			children = (
				604C655F2BF3B1B3000CD88F /* HomeViewModel.swift */,
			);
			path = ViewModels;
			sourceTree = "<group>";
		};
		604C65522BF39F19000CD88F /* Views */ = {
			isa = PBXGroup;
			children = (
				604C65532BF39F5B000CD88F /* HomeView.swift */,
				604C655A2BF3A86B000CD88F /* AllCoins */,
				604C65592BF3A851000CD88F /* TopMovers */,
			);
			path = Views;
			sourceTree = "<group>";
		};
		604C65592BF3A851000CD88F /* TopMovers */ = {
			isa = PBXGroup;
			children = (
				604C65552BF3A08E000CD88F /* TopMoversView.swift */,
				604C65572BF3A0AB000CD88F /* TopMoversItemView.swift */,
			);
			path = TopMovers;
			sourceTree = "<group>";
		};
		604C655A2BF3A86B000CD88F /* AllCoins */ = {
			isa = PBXGroup;
			children = (
				604C655B2BF3A880000CD88F /* AllCoinsView.swift */,
				604C655D2BF3A89B000CD88F /* CoinRowView.swift */,
			);
			path = AllCoins;
			sourceTree = "<group>";
		};
/* End PBXGroup section */

/* Begin PBXNativeTarget section */
		604C65382BF39D0B000CD88F /* Crypto-SwiftUI */ = {
			isa = PBXNativeTarget;
			buildConfigurationList = 604C65472BF39D0C000CD88F /* Build configuration list for PBXNativeTarget "Crypto-SwiftUI" */;
			buildPhases = (
				604C65352BF39D0B000CD88F /* Sources */,
				604C65362BF39D0B000CD88F /* Frameworks */,
				604C65372BF39D0B000CD88F /* Resources */,
			);
			buildRules = (
			);
			dependencies = (
			);
			name = "Crypto-SwiftUI";
			packageProductDependencies = (
				604C65642BF3FA8C000CD88F /* Kingfisher */,
			);
			productName = "Crypto-SwiftUI";
			productReference = 604C65392BF39D0B000CD88F /* Crypto-SwiftUI.app */;
			productType = "com.apple.product-type.application";
		};
/* End PBXNativeTarget section */

/* Begin PBXProject section */
		604C65312BF39D0B000CD88F /* Project object */ = {
			isa = PBXProject;
			attributes = {
				BuildIndependentTargetsInParallel = 1;
				LastSwiftUpdateCheck = 1530;
				LastUpgradeCheck = 1530;
				TargetAttributes = {
					604C65382BF39D0B000CD88F = {
						CreatedOnToolsVersion = 15.3;
					};
				};
			};
			buildConfigurationList = 604C65342BF39D0B000CD88F /* Build configuration list for PBXProject "Crypto-SwiftUI" */;
			compatibilityVersion = "Xcode 14.0";
			developmentRegion = en;
			hasScannedForEncodings = 0;
			knownRegions = (
				en,
				Base,
			);
			mainGroup = 604C65302BF39D0B000CD88F;
			packageReferences = (
				604C65632BF3FA8C000CD88F /* XCRemoteSwiftPackageReference "Kingfisher" */,
			);
			productRefGroup = 604C653A2BF39D0B000CD88F /* Products */;
			projectDirPath = "";
			projectRoot = "";
			targets = (
				604C65382BF39D0B000CD88F /* Crypto-SwiftUI */,
			);
		};
/* End PBXProject section */

/* Begin PBXResourcesBuildPhase section */
		604C65372BF39D0B000CD88F /* Resources */ = {
			isa = PBXResourcesBuildPhase;
			buildActionMask = 2147483647;
			files = (
				604C65442BF39D0C000CD88F /* Preview Assets.xcassets in Resources */,
				604C65412BF39D0C000CD88F /* Assets.xcassets in Resources */,
			);
			runOnlyForDeploymentPostprocessing = 0;
		};
/* End PBXResourcesBuildPhase section */

/* Begin PBXSourcesBuildPhase section */
		604C65352BF39D0B000CD88F /* Sources */ = {
			isa = PBXSourcesBuildPhase;
			buildActionMask = 2147483647;
			files = (
				604C65562BF3A08E000CD88F /* TopMoversView.swift in Sources */,
				604C655C2BF3A880000CD88F /* AllCoinsView.swift in Sources */,
				604C65542BF39F5B000CD88F /* HomeView.swift in Sources */,
				604C65602BF3B1B3000CD88F /* HomeViewModel.swift in Sources */,
				604C653D2BF39D0B000CD88F /* Crypto_SwiftUIApp.swift in Sources */,
				604C655E2BF3A89B000CD88F /* CoinRowView.swift in Sources */,
				604C65622BF3B6C1000CD88F /* CoinModel.swift in Sources */,
				604C65672BF3FB72000CD88F /* Double.swift in Sources */,
				604C65582BF3A0AB000CD88F /* TopMoversItemView.swift in Sources */,
			);
			runOnlyForDeploymentPostprocessing = 0;
		};
/* End PBXSourcesBuildPhase section */

/* Begin XCBuildConfiguration section */
		604C65452BF39D0C000CD88F /* Debug */ = {
			isa = XCBuildConfiguration;
			buildSettings = {
				ALWAYS_SEARCH_USER_PATHS = NO;
				ASSETCATALOG_COMPILER_GENERATE_SWIFT_ASSET_SYMBOL_EXTENSIONS = YES;
				CLANG_ANALYZER_NONNULL = YES;
				CLANG_ANALYZER_NUMBER_OBJECT_CONVERSION = YES_AGGRESSIVE;
				CLANG_CXX_LANGUAGE_STANDARD = "gnu++20";
				CLANG_ENABLE_MODULES = YES;
				CLANG_ENABLE_OBJC_ARC = YES;
				CLANG_ENABLE_OBJC_WEAK = YES;
				CLANG_WARN_BLOCK_CAPTURE_AUTORELEASING = YES;
				CLANG_WARN_BOOL_CONVERSION = YES;
				CLANG_WARN_COMMA = YES;
				CLANG_WARN_CONSTANT_CONVERSION = YES;
				CLANG_WARN_DEPRECATED_OBJC_IMPLEMENTATIONS = YES;
				CLANG_WARN_DIRECT_OBJC_ISA_USAGE = YES_ERROR;
				CLANG_WARN_DOCUMENTATION_COMMENTS = YES;
				CLANG_WARN_EMPTY_BODY = YES;
				CLANG_WARN_ENUM_CONVERSION = YES;
				CLANG_WARN_INFINITE_RECURSION = YES;
				CLANG_WARN_INT_CONVERSION = YES;
				CLANG_WARN_NON_LITERAL_NULL_CONVERSION = YES;
				CLANG_WARN_OBJC_IMPLICIT_RETAIN_SELF = YES;
				CLANG_WARN_OBJC_LITERAL_CONVERSION = YES;
				CLANG_WARN_OBJC_ROOT_CLASS = YES_ERROR;
				CLANG_WARN_QUOTED_INCLUDE_IN_FRAMEWORK_HEADER = YES;
				CLANG_WARN_RANGE_LOOP_ANALYSIS = YES;
				CLANG_WARN_STRICT_PROTOTYPES = YES;
				CLANG_WARN_SUSPICIOUS_MOVE = YES;
				CLANG_WARN_UNGUARDED_AVAILABILITY = YES_AGGRESSIVE;
				CLANG_WARN_UNREACHABLE_CODE = YES;
				CLANG_WARN__DUPLICATE_METHOD_MATCH = YES;
				COPY_PHASE_STRIP = NO;
				DEBUG_INFORMATION_FORMAT = dwarf;
				ENABLE_STRICT_OBJC_MSGSEND = YES;
				ENABLE_TESTABILITY = YES;
				ENABLE_USER_SCRIPT_SANDBOXING = YES;
				GCC_C_LANGUAGE_STANDARD = gnu17;
				GCC_DYNAMIC_NO_PIC = NO;
				GCC_NO_COMMON_BLOCKS = YES;
				GCC_OPTIMIZATION_LEVEL = 0;
				GCC_PREPROCESSOR_DEFINITIONS = (
					"DEBUG=1",
					"$(inherited)",
				);
				GCC_WARN_64_TO_32_BIT_CONVERSION = YES;
				GCC_WARN_ABOUT_RETURN_TYPE = YES_ERROR;
				GCC_WARN_UNDECLARED_SELECTOR = YES;
				GCC_WARN_UNINITIALIZED_AUTOS = YES_AGGRESSIVE;
				GCC_WARN_UNUSED_FUNCTION = YES;
				GCC_WARN_UNUSED_VARIABLE = YES;
				IPHONEOS_DEPLOYMENT_TARGET = 17.4;
				LOCALIZATION_PREFERS_STRING_CATALOGS = YES;
				MTL_ENABLE_DEBUG_INFO = INCLUDE_SOURCE;
				MTL_FAST_MATH = YES;
				ONLY_ACTIVE_ARCH = YES;
				SDKROOT = iphoneos;
				SWIFT_ACTIVE_COMPILATION_CONDITIONS = "DEBUG $(inherited)";
				SWIFT_OPTIMIZATION_LEVEL = "-Onone";
			};
			name = Debug;
		};
		604C65462BF39D0C000CD88F /* Release */ = {
			isa = XCBuildConfiguration;
			buildSettings = {
				ALWAYS_SEARCH_USER_PATHS = NO;
				ASSETCATALOG_COMPILER_GENERATE_SWIFT_ASSET_SYMBOL_EXTENSIONS = YES;
				CLANG_ANALYZER_NONNULL = YES;
				CLANG_ANALYZER_NUMBER_OBJECT_CONVERSION = YES_AGGRESSIVE;
				CLANG_CXX_LANGUAGE_STANDARD = "gnu++20";
				CLANG_ENABLE_MODULES = YES;
				CLANG_ENABLE_OBJC_ARC = YES;
				CLANG_ENABLE_OBJC_WEAK = YES;
				CLANG_WARN_BLOCK_CAPTURE_AUTORELEASING = YES;
				CLANG_WARN_BOOL_CONVERSION = YES;
				CLANG_WARN_COMMA = YES;
				CLANG_WARN_CONSTANT_CONVERSION = YES;
				CLANG_WARN_DEPRECATED_OBJC_IMPLEMENTATIONS = YES;
				CLANG_WARN_DIRECT_OBJC_ISA_USAGE = YES_ERROR;
				CLANG_WARN_DOCUMENTATION_COMMENTS = YES;
				CLANG_WARN_EMPTY_BODY = YES;
				CLANG_WARN_ENUM_CONVERSION = YES;
				CLANG_WARN_INFINITE_RECURSION = YES;
				CLANG_WARN_INT_CONVERSION = YES;
				CLANG_WARN_NON_LITERAL_NULL_CONVERSION = YES;
				CLANG_WARN_OBJC_IMPLICIT_RETAIN_SELF = YES;
				CLANG_WARN_OBJC_LITERAL_CONVERSION = YES;
				CLANG_WARN_OBJC_ROOT_CLASS = YES_ERROR;
				CLANG_WARN_QUOTED_INCLUDE_IN_FRAMEWORK_HEADER = YES;
				CLANG_WARN_RANGE_LOOP_ANALYSIS = YES;
				CLANG_WARN_STRICT_PROTOTYPES = YES;
				CLANG_WARN_SUSPICIOUS_MOVE = YES;
				CLANG_WARN_UNGUARDED_AVAILABILITY = YES_AGGRESSIVE;
				CLANG_WARN_UNREACHABLE_CODE = YES;
				CLANG_WARN__DUPLICATE_METHOD_MATCH = YES;
				COPY_PHASE_STRIP = NO;
				DEBUG_INFORMATION_FORMAT = "dwarf-with-dsym";
				ENABLE_NS_ASSERTIONS = NO;
				ENABLE_STRICT_OBJC_MSGSEND = YES;
				ENABLE_USER_SCRIPT_SANDBOXING = YES;
				GCC_C_LANGUAGE_STANDARD = gnu17;
				GCC_NO_COMMON_BLOCKS = YES;
				GCC_WARN_64_TO_32_BIT_CONVERSION = YES;
				GCC_WARN_ABOUT_RETURN_TYPE = YES_ERROR;
				GCC_WARN_UNDECLARED_SELECTOR = YES;
				GCC_WARN_UNINITIALIZED_AUTOS = YES_AGGRESSIVE;
				GCC_WARN_UNUSED_FUNCTION = YES;
				GCC_WARN_UNUSED_VARIABLE = YES;
				IPHONEOS_DEPLOYMENT_TARGET = 17.4;
				LOCALIZATION_PREFERS_STRING_CATALOGS = YES;
				MTL_ENABLE_DEBUG_INFO = NO;
				MTL_FAST_MATH = YES;
				SDKROOT = iphoneos;
				SWIFT_COMPILATION_MODE = wholemodule;
				VALIDATE_PRODUCT = YES;
			};
			name = Release;
		};
		604C65482BF39D0C000CD88F /* Debug */ = {
			isa = XCBuildConfiguration;
			buildSettings = {
				ASSETCATALOG_COMPILER_APPICON_NAME = AppIcon;
				ASSETCATALOG_COMPILER_GLOBAL_ACCENT_COLOR_NAME = AccentColor;
				CODE_SIGN_STYLE = Automatic;
				CURRENT_PROJECT_VERSION = 1;
				DEVELOPMENT_ASSET_PATHS = "\"Crypto-SwiftUI/Preview Content\"";
				DEVELOPMENT_TEAM = N6AWHLCUPW;
				ENABLE_PREVIEWS = YES;
				GENERATE_INFOPLIST_FILE = YES;
				INFOPLIST_KEY_UIApplicationSceneManifest_Generation = YES;
				INFOPLIST_KEY_UIApplicationSupportsIndirectInputEvents = YES;
				INFOPLIST_KEY_UILaunchScreen_Generation = YES;
				INFOPLIST_KEY_UISupportedInterfaceOrientations_iPad = "UIInterfaceOrientationPortrait UIInterfaceOrientationPortraitUpsideDown UIInterfaceOrientationLandscapeLeft UIInterfaceOrientationLandscapeRight";
				INFOPLIST_KEY_UISupportedInterfaceOrientations_iPhone = "UIInterfaceOrientationPortrait UIInterfaceOrientationLandscapeLeft UIInterfaceOrientationLandscapeRight";
				LD_RUNPATH_SEARCH_PATHS = (
					"$(inherited)",
					"@executable_path/Frameworks",
				);
				MARKETING_VERSION = 1.0;
				PRODUCT_BUNDLE_IDENTIFIER = "com.barisakcay.Crypto-SwiftUI";
				PRODUCT_NAME = "$(TARGET_NAME)";
				SWIFT_EMIT_LOC_STRINGS = YES;
				SWIFT_VERSION = 5.0;
				TARGETED_DEVICE_FAMILY = "1,2";
			};
			name = Debug;
		};
		604C65492BF39D0C000CD88F /* Release */ = {
			isa = XCBuildConfiguration;
			buildSettings = {
				ASSETCATALOG_COMPILER_APPICON_NAME = AppIcon;
				ASSETCATALOG_COMPILER_GLOBAL_ACCENT_COLOR_NAME = AccentColor;
				CODE_SIGN_STYLE = Automatic;
				CURRENT_PROJECT_VERSION = 1;
				DEVELOPMENT_ASSET_PATHS = "\"Crypto-SwiftUI/Preview Content\"";
				DEVELOPMENT_TEAM = N6AWHLCUPW;
				ENABLE_PREVIEWS = YES;
				GENERATE_INFOPLIST_FILE = YES;
				INFOPLIST_KEY_UIApplicationSceneManifest_Generation = YES;
				INFOPLIST_KEY_UIApplicationSupportsIndirectInputEvents = YES;
				INFOPLIST_KEY_UILaunchScreen_Generation = YES;
				INFOPLIST_KEY_UISupportedInterfaceOrientations_iPad = "UIInterfaceOrientationPortrait UIInterfaceOrientationPortraitUpsideDown UIInterfaceOrientationLandscapeLeft UIInterfaceOrientationLandscapeRight";
				INFOPLIST_KEY_UISupportedInterfaceOrientations_iPhone = "UIInterfaceOrientationPortrait UIInterfaceOrientationLandscapeLeft UIInterfaceOrientationLandscapeRight";
				LD_RUNPATH_SEARCH_PATHS = (
					"$(inherited)",
					"@executable_path/Frameworks",
				);
				MARKETING_VERSION = 1.0;
				PRODUCT_BUNDLE_IDENTIFIER = "com.barisakcay.Crypto-SwiftUI";
				PRODUCT_NAME = "$(TARGET_NAME)";
				SWIFT_EMIT_LOC_STRINGS = YES;
				SWIFT_VERSION = 5.0;
				TARGETED_DEVICE_FAMILY = "1,2";
			};
			name = Release;
		};
/* End XCBuildConfiguration section */

/* Begin XCConfigurationList section */
		604C65342BF39D0B000CD88F /* Build configuration list for PBXProject "Crypto-SwiftUI" */ = {
			isa = XCConfigurationList;
			buildConfigurations = (
				604C65452BF39D0C000CD88F /* Debug */,
				604C65462BF39D0C000CD88F /* Release */,
			);
			defaultConfigurationIsVisible = 0;
			defaultConfigurationName = Release;
		};
		604C65472BF39D0C000CD88F /* Build configuration list for PBXNativeTarget "Crypto-SwiftUI" */ = {
			isa = XCConfigurationList;
			buildConfigurations = (
				604C65482BF39D0C000CD88F /* Debug */,
				604C65492BF39D0C000CD88F /* Release */,
			);
			defaultConfigurationIsVisible = 0;
			defaultConfigurationName = Release;
		};
/* End XCConfigurationList section */

/* Begin XCRemoteSwiftPackageReference section */
		604C65632BF3FA8C000CD88F /* XCRemoteSwiftPackageReference "Kingfisher" */ = {
			isa = XCRemoteSwiftPackageReference;
			repositoryURL = "https://github.com/onevcat/Kingfisher.git";
			requirement = {
				kind = upToNextMajorVersion;
				minimumVersion = 7.11.0;
			};
		};
/* End XCRemoteSwiftPackageReference section */

/* Begin XCSwiftPackageProductDependency section */
		604C65642BF3FA8C000CD88F /* Kingfisher */ = {
			isa = XCSwiftPackageProductDependency;
			package = 604C65632BF3FA8C000CD88F /* XCRemoteSwiftPackageReference "Kingfisher" */;
			productName = Kingfisher;
		};
/* End XCSwiftPackageProductDependency section */
	};
	rootObject = 604C65312BF39D0B000CD88F /* Project object */;
}
